// !$*UTF8*$!
{
	archiveVersion = 1;
	classes = {
	};
	objectVersion = 48;
	objects = {

/* Begin PBXBuildFile section */
		2D7C44412064713700B96206 /* AppDelegate.swift in Sources */ = {isa = PBXBuildFile; fileRef = 2D7C44402064713700B96206 /* AppDelegate.swift */; };
		2D7C44432064713700B96206 /* ViewController.swift in Sources */ = {isa = PBXBuildFile; fileRef = 2D7C44422064713700B96206 /* ViewController.swift */; };
		2D7C44462064713700B96206 /* Main.storyboard in Resources */ = {isa = PBXBuildFile; fileRef = 2D7C44442064713700B96206 /* Main.storyboard */; };
		2D7C44482064713700B96206 /* Assets.xcassets in Resources */ = {isa = PBXBuildFile; fileRef = 2D7C44472064713700B96206 /* Assets.xcassets */; };
		2D7C444B2064713700B96206 /* LaunchScreen.storyboard in Resources */ = {isa = PBXBuildFile; fileRef = 2D7C44492064713700B96206 /* LaunchScreen.storyboard */; };
		2D7C44562064713700B96206 /* MultitaskingDemoTests.swift in Sources */ = {isa = PBXBuildFile; fileRef = 2D7C44552064713700B96206 /* MultitaskingDemoTests.swift */; };
/* End PBXBuildFile section */

/* Begin PBXContainerItemProxy section */
		2D7C44522064713700B96206 /* PBXContainerItemProxy */ = {
			isa = PBXContainerItemProxy;
			containerPortal = 2D7C44352064713600B96206 /* Project object */;
			proxyType = 1;
			remoteGlobalIDString = 2D7C443C2064713600B96206;
			remoteInfo = MultitaskingDemo;
		};
/* End PBXContainerItemProxy section */

/* Begin PBXFileReference section */
		2D7C443D2064713600B96206 /* MultitaskingDemo.app */ = {isa = PBXFileReference; explicitFileType = wrapper.application; includeInIndex = 0; path = MultitaskingDemo.app; sourceTree = BUILT_PRODUCTS_DIR; };
		2D7C44402064713700B96206 /* AppDelegate.swift */ = {isa = PBXFileReference; lastKnownFileType = sourcecode.swift; path = AppDelegate.swift; sourceTree = "<group>"; };
		2D7C44422064713700B96206 /* ViewController.swift */ = {isa = PBXFileReference; lastKnownFileType = sourcecode.swift; path = ViewController.swift; sourceTree = "<group>"; };
		2D7C44452064713700B96206 /* Base */ = {isa = PBXFileReference; lastKnownFileType = file.storyboard; name = Base; path = Base.lproj/Main.storyboard; sourceTree = "<group>"; };
		2D7C44472064713700B96206 /* Assets.xcassets */ = {isa = PBXFileReference; lastKnownFileType = folder.assetcatalog; path = Assets.xcassets; sourceTree = "<group>"; };
		2D7C444A2064713700B96206 /* Base */ = {isa = PBXFileReference; lastKnownFileType = file.storyboard; name = Base; path = Base.lproj/LaunchScreen.storyboard; sourceTree = "<group>"; };
		2D7C444C2064713700B96206 /* Info.plist */ = {isa = PBXFileReference; lastKnownFileType = text.plist.xml; path = Info.plist; sourceTree = "<group>"; };
		2D7C44512064713700B96206 /* MultitaskingDemoTests.xctest */ = {isa = PBXFileReference; explicitFileType = wrapper.cfbundle; includeInIndex = 0; path = MultitaskingDemoTests.xctest; sourceTree = BUILT_PRODUCTS_DIR; };
		2D7C44552064713700B96206 /* MultitaskingDemoTests.swift */ = {isa = PBXFileReference; lastKnownFileType = sourcecode.swift; path = MultitaskingDemoTests.swift; sourceTree = "<group>"; };
		2D7C44572064713700B96206 /* Info.plist */ = {isa = PBXFileReference; lastKnownFileType = text.plist.xml; path = Info.plist; sourceTree = "<group>"; };
/* End PBXFileReference section */

/* Begin PBXFrameworksBuildPhase section */
		2D7C443A2064713600B96206 /* Frameworks */ = {
			isa = PBXFrameworksBuildPhase;
			buildActionMask = 2147483647;
			files = (
			);
			runOnlyForDeploymentPostprocessing = 0;
		};
		2D7C444E2064713700B96206 /* Frameworks */ = {
			isa = PBXFrameworksBuildPhase;
			buildActionMask = 2147483647;
			files = (
			);
			runOnlyForDeploymentPostprocessing = 0;
		};
/* End PBXFrameworksBuildPhase section */

/* Begin PBXGroup section */
		2D7C44342064713500B96206 = {
			isa = PBXGroup;
			children = (
				2D7C443F2064713600B96206 /* MultitaskingDemo */,
				2D7C44542064713700B96206 /* MultitaskingDemoTests */,
				2D7C443E2064713600B96206 /* Products */,
			);
			sourceTree = "<group>";
		};
		2D7C443E2064713600B96206 /* Products */ = {
			isa = PBXGroup;
			children = (
				2D7C443D2064713600B96206 /* MultitaskingDemo.app */,
				2D7C44512064713700B96206 /* MultitaskingDemoTests.xctest */,
			);
			name = Products;
			sourceTree = "<group>";
		};
		2D7C443F2064713600B96206 /* MultitaskingDemo */ = {
			isa = PBXGroup;
			children = (
				2D7C44402064713700B96206 /* AppDelegate.swift */,
				2D7C44422064713700B96206 /* ViewController.swift */,
				2D7C44442064713700B96206 /* Main.storyboard */,
				2D7C44472064713700B96206 /* Assets.xcassets */,
				2D7C44492064713700B96206 /* LaunchScreen.storyboard */,
				2D7C444C2064713700B96206 /* Info.plist */,
			);
			path = MultitaskingDemo;
			sourceTree = "<group>";
		};
		2D7C44542064713700B96206 /* MultitaskingDemoTests */ = {
			isa = PBXGroup;
			children = (
				2D7C44552064713700B96206 /* MultitaskingDemoTests.swift */,
				2D7C44572064713700B96206 /* Info.plist */,
			);
			path = MultitaskingDemoTests;
			sourceTree = "<group>";
		};
/* End PBXGroup section */

/* Begin PBXNativeTarget section */
		2D7C443C2064713600B96206 /* MultitaskingDemo */ = {
			isa = PBXNativeTarget;
			buildConfigurationList = 2D7C445A2064713700B96206 /* Build configuration list for PBXNativeTarget "MultitaskingDemo" */;
			buildPhases = (
				2D7C44392064713600B96206 /* Sources */,
				2D7C443A2064713600B96206 /* Frameworks */,
				2D7C443B2064713600B96206 /* Resources */,
			);
			buildRules = (
			);
			dependencies = (
			);
			name = MultitaskingDemo;
			productName = MultitaskingDemo;
			productReference = 2D7C443D2064713600B96206 /* MultitaskingDemo.app */;
			productType = "com.apple.product-type.application";
		};
		2D7C44502064713700B96206 /* MultitaskingDemoTests */ = {
			isa = PBXNativeTarget;
			buildConfigurationList = 2D7C445D2064713700B96206 /* Build configuration list for PBXNativeTarget "MultitaskingDemoTests" */;
			buildPhases = (
				2D7C444D2064713700B96206 /* Sources */,
				2D7C444E2064713700B96206 /* Frameworks */,
				2D7C444F2064713700B96206 /* Resources */,
			);
			buildRules = (
			);
			dependencies = (
				2D7C44532064713700B96206 /* PBXTargetDependency */,
			);
			name = MultitaskingDemoTests;
			productName = MultitaskingDemoTests;
			productReference = 2D7C44512064713700B96206 /* MultitaskingDemoTests.xctest */;
			productType = "com.apple.product-type.bundle.unit-test";
		};
/* End PBXNativeTarget section */

/* Begin PBXProject section */
		2D7C44352064713600B96206 /* Project object */ = {
			isa = PBXProject;
			attributes = {
				LastSwiftUpdateCheck = 0920;
				LastUpgradeCheck = 0920;
				ORGANIZATIONNAME = "Douglas Alexander";
				TargetAttributes = {
					2D7C443C2064713600B96206 = {
						CreatedOnToolsVersion = 9.2;
						ProvisioningStyle = Automatic;
					};
					2D7C44502064713700B96206 = {
						CreatedOnToolsVersion = 9.2;
						ProvisioningStyle = Automatic;
						TestTargetID = 2D7C443C2064713600B96206;
					};
				};
			};
			buildConfigurationList = 2D7C44382064713600B96206 /* Build configuration list for PBXProject "MultitaskingDemo" */;
			compatibilityVersion = "Xcode 8.0";
			developmentRegion = en;
			hasScannedForEncodings = 0;
			knownRegions = (
				en,
				Base,
			);
			mainGroup = 2D7C44342064713500B96206;
			productRefGroup = 2D7C443E2064713600B96206 /* Products */;
			projectDirPath = "";
			projectRoot = "";
			targets = (
				2D7C443C2064713600B96206 /* MultitaskingDemo */,
				2D7C44502064713700B96206 /* MultitaskingDemoTests */,
			);
		};
/* End PBXProject section */

/* Begin PBXResourcesBuildPhase section */
		2D7C443B2064713600B96206 /* Resources */ = {
			isa = PBXResourcesBuildPhase;
			buildActionMask = 2147483647;
			files = (
				2D7C444B2064713700B96206 /* LaunchScreen.storyboard in Resources */,
				2D7C44482064713700B96206 /* Assets.xcassets in Resources */,
				2D7C44462064713700B96206 /* Main.storyboard in Resources */,
			);
			runOnlyForDeploymentPostprocessing = 0;
		};
		2D7C444F2064713700B96206 /* Resources */ = {
			isa = PBXResourcesBuildPhase;
			buildActionMask = 2147483647;
			files = (
			);
			runOnlyForDeploymentPostprocessing = 0;
		};
/* End PBXResourcesBuildPhase section */

/* Begin PBXSourcesBuildPhase section */
		2D7C44392064713600B96206 /* Sources */ = {
			isa = PBXSourcesBuildPhase;
			buildActionMask = 2147483647;
			files = (
				2D7C44432064713700B96206 /* ViewController.swift in Sources */,
				2D7C44412064713700B96206 /* AppDelegate.swift in Sources */,
			);
			runOnlyForDeploymentPostprocessing = 0;
		};
		2D7C444D2064713700B96206 /* Sources */ = {
			isa = PBXSourcesBuildPhase;
			buildActionMask = 2147483647;
			files = (
				2D7C44562064713700B96206 /* MultitaskingDemoTests.swift in Sources */,
			);
			runOnlyForDeploymentPostprocessing = 0;
		};
/* End PBXSourcesBuildPhase section */

/* Begin PBXTargetDependency section */
		2D7C44532064713700B96206 /* PBXTargetDependency */ = {
			isa = PBXTargetDependency;
			target = 2D7C443C2064713600B96206 /* MultitaskingDemo */;
			targetProxy = 2D7C44522064713700B96206 /* PBXContainerItemProxy */;
		};
/* End PBXTargetDependency section */

/* Begin PBXVariantGroup section */
		2D7C44442064713700B96206 /* Main.storyboard */ = {
			isa = PBXVariantGroup;
			children = (
				2D7C44452064713700B96206 /* Base */,
			);
			name = Main.storyboard;
			sourceTree = "<group>";
		};
		2D7C44492064713700B96206 /* LaunchScreen.storyboard */ = {
			isa = PBXVariantGroup;
			children = (
				2D7C444A2064713700B96206 /* Base */,
			);
			name = LaunchScreen.storyboard;
			sourceTree = "<group>";
		};
/* End PBXVariantGroup section */

/* Begin XCBuildConfiguration section */
		2D7C44582064713700B96206 /* Debug */ = {
			isa = XCBuildConfiguration;
			buildSettings = {
				ALWAYS_SEARCH_USER_PATHS = NO;
				CLANG_ANALYZER_NONNULL = YES;
				CLANG_ANALYZER_NUMBER_OBJECT_CONVERSION = YES_AGGRESSIVE;
				CLANG_CXX_LANGUAGE_STANDARD = "gnu++14";
				CLANG_CXX_LIBRARY = "libc++";
				CLANG_ENABLE_MODULES = YES;
				CLANG_ENABLE_OBJC_ARC = YES;
				CLANG_WARN_BLOCK_CAPTURE_AUTORELEASING = YES;
				CLANG_WARN_BOOL_CONVERSION = YES;
				CLANG_WARN_COMMA = YES;
				CLANG_WARN_CONSTANT_CONVERSION = YES;
				CLANG_WARN_DIRECT_OBJC_ISA_USAGE = YES_ERROR;
				CLANG_WARN_DOCUMENTATION_COMMENTS = YES;
				CLANG_WARN_EMPTY_BODY = YES;
				CLANG_WARN_ENUM_CONVERSION = YES;
				CLANG_WARN_INFINITE_RECURSION = YES;
				CLANG_WARN_INT_CONVERSION = YES;
				CLANG_WARN_NON_LITERAL_NULL_CONVERSION = YES;
				CLANG_WARN_OBJC_LITERAL_CONVERSION = YES;
				CLANG_WARN_OBJC_ROOT_CLASS = YES_ERROR;
				CLANG_WARN_RANGE_LOOP_ANALYSIS = YES;
				CLANG_WARN_STRICT_PROTOTYPES = YES;
				CLANG_WARN_SUSPICIOUS_MOVE = YES;
				CLANG_WARN_UNGUARDED_AVAILABILITY = YES_AGGRESSIVE;
				CLANG_WARN_UNREACHABLE_CODE = YES;
				CLANG_WARN__DUPLICATE_METHOD_MATCH = YES;
				CODE_SIGN_IDENTITY = "iPhone Developer";
				COPY_PHASE_STRIP = NO;
				DEBUG_INFORMATION_FORMAT = dwarf;
				ENABLE_STRICT_OBJC_MSGSEND = YES;
				ENABLE_TESTABILITY = YES;
				GCC_C_LANGUAGE_STANDARD = gnu11;
				GCC_DYNAMIC_NO_PIC = NO;
				GCC_NO_COMMON_BLOCKS = YES;
				GCC_OPTIMIZATION_LEVEL = 0;
				GCC_PREPROCESSOR_DEFINITIONS = (
					"DEBUG=1",
					"$(inherited)",
				);
				GCC_WARN_64_TO_32_BIT_CONVERSION = YES;
				GCC_WARN_ABOUT_RETURN_TYPE = YES_ERROR;
				GCC_WARN_UNDECLARED_SELECTOR = YES;
				GCC_WARN_UNINITIALIZED_AUTOS = YES_AGGRESSIVE;
				GCC_WARN_UNUSED_FUNCTION = YES;
				GCC_WARN_UNUSED_VARIABLE = YES;
				IPHONEOS_DEPLOYMENT_TARGET = 11.2;
				MTL_ENABLE_DEBUG_INFO = YES;
				ONLY_ACTIVE_ARCH = YES;
				SDKROOT = iphoneos;
				SWIFT_ACTIVE_COMPILATION_CONDITIONS = DEBUG;
				SWIFT_OPTIMIZATION_LEVEL = "-Onone";
			};
			name = Debug;
		};
		2D7C44592064713700B96206 /* Release */ = {
			isa = XCBuildConfiguration;
			buildSettings = {
				ALWAYS_SEARCH_USER_PATHS = NO;
				CLANG_ANALYZER_NONNULL = YES;
				CLANG_ANALYZER_NUMBER_OBJECT_CONVERSION = YES_AGGRESSIVE;
				CLANG_CXX_LANGUAGE_STANDARD = "gnu++14";
				CLANG_CXX_LIBRARY = "libc++";
				CLANG_ENABLE_MODULES = YES;
				CLANG_ENABLE_OBJC_ARC = YES;
				CLANG_WARN_BLOCK_CAPTURE_AUTORELEASING = YES;
				CLANG_WARN_BOOL_CONVERSION = YES;
				CLANG_WARN_COMMA = YES;
				CLANG_WARN_CONSTANT_CONVERSION = YES;
				CLANG_WARN_DIRECT_OBJC_ISA_USAGE = YES_ERROR;
				CLANG_WARN_DOCUMENTATION_COMMENTS = YES;
				CLANG_WARN_EMPTY_BODY = YES;
				CLANG_WARN_ENUM_CONVERSION = YES;
				CLANG_WARN_INFINITE_RECURSION = YES;
				CLANG_WARN_INT_CONVERSION = YES;
				CLANG_WARN_NON_LITERAL_NULL_CONVERSION = YES;
				CLANG_WARN_OBJC_LITERAL_CONVERSION = YES;
				CLANG_WARN_OBJC_ROOT_CLASS = YES_ERROR;
				CLANG_WARN_RANGE_LOOP_ANALYSIS = YES;
				CLANG_WARN_STRICT_PROTOTYPES = YES;
				CLANG_WARN_SUSPICIOUS_MOVE = YES;
				CLANG_WARN_UNGUARDED_AVAILABILITY = YES_AGGRESSIVE;
				CLANG_WARN_UNREACHABLE_CODE = YES;
				CLANG_WARN__DUPLICATE_METHOD_MATCH = YES;
				CODE_SIGN_IDENTITY = "iPhone Developer";
				COPY_PHASE_STRIP = NO;
				DEBUG_INFORMATION_FORMAT = "dwarf-with-dsym";
				ENABLE_NS_ASSERTIONS = NO;
				ENABLE_STRICT_OBJC_MSGSEND = YES;
				GCC_C_LANGUAGE_STANDARD = gnu11;
				GCC_NO_COMMON_BLOCKS = YES;
				GCC_WARN_64_TO_32_BIT_CONVERSION = YES;
				GCC_WARN_ABOUT_RETURN_TYPE = YES_ERROR;
				GCC_WARN_UNDECLARED_SELECTOR = YES;
				GCC_WARN_UNINITIALIZED_AUTOS = YES_AGGRESSIVE;
				GCC_WARN_UNUSED_FUNCTION = YES;
				GCC_WARN_UNUSED_VARIABLE = YES;
				IPHONEOS_DEPLOYMENT_TARGET = 11.2;
				MTL_ENABLE_DEBUG_INFO = NO;
				SDKROOT = iphoneos;
				SWIFT_OPTIMIZATION_LEVEL = "-Owholemodule";
				VALIDATE_PRODUCT = YES;
			};
			name = Release;
		};
		2D7C445B2064713700B96206 /* Debug */ = {
			isa = XCBuildConfiguration;
			buildSettings = {
				ASSETCATALOG_COMPILER_APPICON_NAME = AppIcon;
				CODE_SIGN_STYLE = Automatic;
				DEVELOPMENT_TEAM = V6969S7D62;
				INFOPLIST_FILE = MultitaskingDemo/Info.plist;
				LD_RUNPATH_SEARCH_PATHS = "$(inherited) @executable_path/Frameworks";
				PRODUCT_BUNDLE_IDENTIFIER = com.gwc.MultitaskingDemo;
				PRODUCT_NAME = "$(TARGET_NAME)";
				SWIFT_VERSION = 4.0;
				TARGETED_DEVICE_FAMILY = "1,2";
			};
			name = Debug;
		};
		2D7C445C2064713700B96206 /* Release */ = {
			isa = XCBuildConfiguration;
			buildSettings = {
				ASSETCATALOG_COMPILER_APPICON_NAME = AppIcon;
				CODE_SIGN_STYLE = Automatic;
				DEVELOPMENT_TEAM = V6969S7D62;
				INFOPLIST_FILE = MultitaskingDemo/Info.plist;
				LD_RUNPATH_SEARCH_PATHS = "$(inherited) @executable_path/Frameworks";
				PRODUCT_BUNDLE_IDENTIFIER = com.gwc.MultitaskingDemo;
				PRODUCT_NAME = "$(TARGET_NAME)";
				SWIFT_VERSION = 4.0;
				TARGETED_DEVICE_FAMILY = "1,2";
			};
			name = Release;
		};
		2D7C445E2064713700B96206 /* Debug */ = {
			isa = XCBuildConfiguration;
			buildSettings = {
				ALWAYS_EMBED_SWIFT_STANDARD_LIBRARIES = YES;
				BUNDLE_LOADER = "$(TEST_HOST)";
				CODE_SIGN_STYLE = Automatic;
				DEVELOPMENT_TEAM = V6969S7D62;
				INFOPLIST_FILE = MultitaskingDemoTests/Info.plist;
				LD_RUNPATH_SEARCH_PATHS = "$(inherited) @executable_path/Frameworks @loader_path/Frameworks";
				PRODUCT_BUNDLE_IDENTIFIER = com.gwc.MultitaskingDemoTests;
				PRODUCT_NAME = "$(TARGET_NAME)";
				SWIFT_VERSION = 4.0;
				TARGETED_DEVICE_FAMILY = "1,2";
				TEST_HOST = "$(BUILT_PRODUCTS_DIR)/MultitaskingDemo.app/MultitaskingDemo";
			};
			name = Debug;
		};
		2D7C445F2064713700B96206 /* Release */ = {
			isa = XCBuildConfiguration;
			buildSettings = {
				ALWAYS_EMBED_SWIFT_STANDARD_LIBRARIES = YES;
				BUNDLE_LOADER = "$(TEST_HOST)";
				CODE_SIGN_STYLE = Automatic;
				DEVELOPMENT_TEAM = V6969S7D62;
				INFOPLIST_FILE = MultitaskingDemoTests/Info.plist;
				LD_RUNPATH_SEARCH_PATHS = "$(inherited) @executable_path/Frameworks @loader_path/Frameworks";
				PRODUCT_BUNDLE_IDENTIFIER = com.gwc.MultitaskingDemoTests;
				PRODUCT_NAME = "$(TARGET_NAME)";
				SWIFT_VERSION = 4.0;
				TARGETED_DEVICE_FAMILY = "1,2";
				TEST_HOST = "$(BUILT_PRODUCTS_DIR)/MultitaskingDemo.app/MultitaskingDemo";
			};
			name = Release;
		};
/* End XCBuildConfiguration section */

/* Begin XCConfigurationList section */
		2D7C44382064713600B96206 /* Build configuration list for PBXProject "MultitaskingDemo" */ = {
			isa = XCConfigurationList;
			buildConfigurations = (
				2D7C44582064713700B96206 /* Debug */,
				2D7C44592064713700B96206 /* Release */,
			);
			defaultConfigurationIsVisible = 0;
			defaultConfigurationName = Release;
		};
		2D7C445A2064713700B96206 /* Build configuration list for PBXNativeTarget "MultitaskingDemo" */ = {
			isa = XCConfigurationList;
			buildConfigurations = (
				2D7C445B2064713700B96206 /* Debug */,
				2D7C445C2064713700B96206 /* Release */,
			);
			defaultConfigurationIsVisible = 0;
			defaultConfigurationName = Release;
		};
		2D7C445D2064713700B96206 /* Build configuration list for PBXNativeTarget "MultitaskingDemoTests" */ = {
			isa = XCConfigurationList;
			buildConfigurations = (
				2D7C445E2064713700B96206 /* Debug */,
				2D7C445F2064713700B96206 /* Release */,
			);
			defaultConfigurationIsVisible = 0;
			defaultConfigurationName = Release;
		};
/* End XCConfigurationList section */
	};
	rootObject = 2D7C44352064713600B96206 /* Project object */;
}
